
Microsoft Visual Studio Solution File, Format Version 12.00
# Visual Studio Version 16
VisualStudioVersion = 16.0.31729.503
MinimumVisualStudioVersion = 10.0.40219.1
Project("{2150E333-8FDC-42A3-9474-1A3956D46DE8}") = "01_CreationalsPatterns", "01_CreationalsPatterns", "{F2386B77-C42E-43C8-8A89-C1DA19D3DFCA}"
EndProject
Project("{2150E333-8FDC-42A3-9474-1A3956D46DE8}") = "02_StructuralsPatterns", "02_StructuralsPatterns", "{C3AACDBB-31B7-423D-8FA9-C41E6C039CAB}"
EndProject
Project("{2150E333-8FDC-42A3-9474-1A3956D46DE8}") = "03_BehavioralsPatterns", "03_BehavioralsPatterns", "{AE8F46A4-887F-4B91-99AD-A883344408B6}"
EndProject
Project("{9A19103F-16F7-4668-BE54-9A1E7A4F7556}") = "SingletonPattern", "SingletonPattern\SingletonPattern.csproj", "{C13ABCB7-93D7-41CB-91E1-C92B151E8796}"
EndProject
Project("{9A19103F-16F7-4668-BE54-9A1E7A4F7556}") = "BuilderPattern", "BuilderPattern\BuilderPattern.csproj", "{81D082BF-9B03-48EE-8B01-624611A077FA}"
EndProject
Project("{9A19103F-16F7-4668-BE54-9A1E7A4F7556}") = "FactoryMethodPattern", "FactoryMethodPattern\FactoryMethodPattern.csproj", "{1A8233DA-F844-4AAD-B54F-5C307981C074}"
EndProject
Project("{9A19103F-16F7-4668-BE54-9A1E7A4F7556}") = "PrototypePattern", "PrototypePattern\PrototypePattern.csproj", "{339C0F20-2E28-442C-8A8F-33549C699964}"
EndProject
Project("{9A19103F-16F7-4668-BE54-9A1E7A4F7556}") = "AdapterPattern", "AdapterPattern\AdapterPattern.csproj", "{841B5E34-DC9D-4D5A-A9D5-AC35FAA5B25D}"
EndProject
Project("{9A19103F-16F7-4668-BE54-9A1E7A4F7556}") = "DecoratorPattern", "DecoratorPattern\DecoratorPattern.csproj", "{49268063-1893-4E40-BDEC-CF7CBFD38F44}"
EndProject
Project("{9A19103F-16F7-4668-BE54-9A1E7A4F7556}") = "FlyweightPattern", "FlyweightPattern\FlyweightPattern.csproj", "{75974997-BD2E-42C7-8531-1B94496FAE72}"
EndProject
Project("{9A19103F-16F7-4668-BE54-9A1E7A4F7556}") = "ProxyPattern", "ProxyPattern\ProxyPattern.csproj", "{68B9F3AF-C124-47E7-8926-B4611F0CA861}"
EndProject
Project("{9A19103F-16F7-4668-BE54-9A1E7A4F7556}") = "ChainOfResponsibilityPattern", "ChainOfResponsibilityPattern\ChainOfResponsibilityPattern.csproj", "{13CC3166-276B-4DBC-8719-DA8BC70B23A5}"
EndProject
Project("{9A19103F-16F7-4668-BE54-9A1E7A4F7556}") = "CommandPattern", "CommandPattern\CommandPattern.csproj", "{E874CDAB-57D2-40DC-8A47-4CD88341B91D}"
EndProject
Project("{9A19103F-16F7-4668-BE54-9A1E7A4F7556}") = "StrategyPattern", "StrategyPattern\StrategyPattern.csproj", "{DB5A08AA-0D13-43F4-9743-5996D19C79DA}"
EndProject
Project("{9A19103F-16F7-4668-BE54-9A1E7A4F7556}") = "TemplateMethodPattern", "TemplateMethodPattern\TemplateMethodPattern.csproj", "{121C1A72-5518-4BCC-9C3A-31B7F5DFC5F5}"
EndProject
Project("{9A19103F-16F7-4668-BE54-9A1E7A4F7556}") = "VisitorPattern", "VisitorPattern\VisitorPattern.csproj", "{318F1967-95D6-4998-BBCB-6D7E03E7CA3B}"
EndProject
Project("{9A19103F-16F7-4668-BE54-9A1E7A4F7556}") = "StatePattern", "StatePattern\StatePattern.csproj", "{648E68EB-570B-47DA-8507-7E884B765942}"
EndProject
Project("{9A19103F-16F7-4668-BE54-9A1E7A4F7556}") = "ObserverPattern", "ObserverPattern\ObserverPattern.csproj", "{D9386119-EBED-4746-BA74-E9B68BD570E3}"
EndProject
Project("{9A19103F-16F7-4668-BE54-9A1E7A4F7556}") = "InterpreterPattern", "InterpreterPattern\InterpreterPattern.csproj", "{E16B655F-5EF8-4B08-9973-0BAA97AFE9B4}"
EndProject
Project("{9A19103F-16F7-4668-BE54-9A1E7A4F7556}") = "MediatorPattern", "MediatorPattern\MediatorPattern.csproj", "{179FAE04-DB10-4957-BCC3-0749DE8905CA}"
EndProject
Project("{9A19103F-16F7-4668-BE54-9A1E7A4F7556}") = "FacadePattern", "FacadePattern\FacadePattern.csproj", "{8B690590-72CA-4C82-B7D1-9AD5BA315A96}"
EndProject
Project("{9A19103F-16F7-4668-BE54-9A1E7A4F7556}") = "NullObjectPattern", "NullObjectPattern\NullObjectPattern.csproj", "{FE31E645-0093-4306-A09D-FF0572C2A6CD}"
EndProject
Project("{FAE04EC0-301F-11D3-BF4B-00C04F79EFBC}") = "MementoPattern", "MementoPattern\MementoPattern.csproj", "{3DB666BF-9E28-4781-BA9B-352A71DED4B1}"
EndProject
Global
	GlobalSection(SolutionConfigurationPlatforms) = preSolution
		Debug|Any CPU = Debug|Any CPU
		Release|Any CPU = Release|Any CPU
	EndGlobalSection
	GlobalSection(ProjectConfigurationPlatforms) = postSolution
		{C13ABCB7-93D7-41CB-91E1-C92B151E8796}.Debug|Any CPU.ActiveCfg = Debug|Any CPU
		{C13ABCB7-93D7-41CB-91E1-C92B151E8796}.Debug|Any CPU.Build.0 = Debug|Any CPU
		{C13ABCB7-93D7-41CB-91E1-C92B151E8796}.Release|Any CPU.ActiveCfg = Release|Any CPU
		{C13ABCB7-93D7-41CB-91E1-C92B151E8796}.Release|Any CPU.Build.0 = Release|Any CPU
		{81D082BF-9B03-48EE-8B01-624611A077FA}.Debug|Any CPU.ActiveCfg = Debug|Any CPU
		{81D082BF-9B03-48EE-8B01-624611A077FA}.Debug|Any CPU.Build.0 = Debug|Any CPU
		{81D082BF-9B03-48EE-8B01-624611A077FA}.Release|Any CPU.ActiveCfg = Release|Any CPU
		{81D082BF-9B03-48EE-8B01-624611A077FA}.Release|Any CPU.Build.0 = Release|Any CPU
		{1A8233DA-F844-4AAD-B54F-5C307981C074}.Debug|Any CPU.ActiveCfg = Debug|Any CPU
		{1A8233DA-F844-4AAD-B54F-5C307981C074}.Debug|Any CPU.Build.0 = Debug|Any CPU
		{1A8233DA-F844-4AAD-B54F-5C307981C074}.Release|Any CPU.ActiveCfg = Release|Any CPU
		{1A8233DA-F844-4AAD-B54F-5C307981C074}.Release|Any CPU.Build.0 = Release|Any CPU
		{339C0F20-2E28-442C-8A8F-33549C699964}.Debug|Any CPU.ActiveCfg = Debug|Any CPU
		{339C0F20-2E28-442C-8A8F-33549C699964}.Debug|Any CPU.Build.0 = Debug|Any CPU
		{339C0F20-2E28-442C-8A8F-33549C699964}.Release|Any CPU.ActiveCfg = Release|Any CPU
		{339C0F20-2E28-442C-8A8F-33549C699964}.Release|Any CPU.Build.0 = Release|Any CPU
		{841B5E34-DC9D-4D5A-A9D5-AC35FAA5B25D}.Debug|Any CPU.ActiveCfg = Debug|Any CPU
		{841B5E34-DC9D-4D5A-A9D5-AC35FAA5B25D}.Debug|Any CPU.Build.0 = Debug|Any CPU
		{841B5E34-DC9D-4D5A-A9D5-AC35FAA5B25D}.Release|Any CPU.ActiveCfg = Release|Any CPU
		{841B5E34-DC9D-4D5A-A9D5-AC35FAA5B25D}.Release|Any CPU.Build.0 = Release|Any CPU
		{49268063-1893-4E40-BDEC-CF7CBFD38F44}.Debug|Any CPU.ActiveCfg = Debug|Any CPU
		{49268063-1893-4E40-BDEC-CF7CBFD38F44}.Debug|Any CPU.Build.0 = Debug|Any CPU
		{49268063-1893-4E40-BDEC-CF7CBFD38F44}.Release|Any CPU.ActiveCfg = Release|Any CPU
		{49268063-1893-4E40-BDEC-CF7CBFD38F44}.Release|Any CPU.Build.0 = Release|Any CPU
		{75974997-BD2E-42C7-8531-1B94496FAE72}.Debug|Any CPU.ActiveCfg = Debug|Any CPU
		{75974997-BD2E-42C7-8531-1B94496FAE72}.Debug|Any CPU.Build.0 = Debug|Any CPU
		{75974997-BD2E-42C7-8531-1B94496FAE72}.Release|Any CPU.ActiveCfg = Release|Any CPU
		{75974997-BD2E-42C7-8531-1B94496FAE72}.Release|Any CPU.Build.0 = Release|Any CPU
		{68B9F3AF-C124-47E7-8926-B4611F0CA861}.Debug|Any CPU.ActiveCfg = Debug|Any CPU
		{68B9F3AF-C124-47E7-8926-B4611F0CA861}.Debug|Any CPU.Build.0 = Debug|Any CPU
		{68B9F3AF-C124-47E7-8926-B4611F0CA861}.Release|Any CPU.ActiveCfg = Release|Any CPU
		{68B9F3AF-C124-47E7-8926-B4611F0CA861}.Release|Any CPU.Build.0 = Release|Any CPU
		{13CC3166-276B-4DBC-8719-DA8BC70B23A5}.Debug|Any CPU.ActiveCfg = Debug|Any CPU
		{13CC3166-276B-4DBC-8719-DA8BC70B23A5}.Debug|Any CPU.Build.0 = Debug|Any CPU
		{13CC3166-276B-4DBC-8719-DA8BC70B23A5}.Release|Any CPU.ActiveCfg = Release|Any CPU
		{13CC3166-276B-4DBC-8719-DA8BC70B23A5}.Release|Any CPU.Build.0 = Release|Any CPU
		{E874CDAB-57D2-40DC-8A47-4CD88341B91D}.Debug|Any CPU.ActiveCfg = Debug|Any CPU
		{E874CDAB-57D2-40DC-8A47-4CD88341B91D}.Debug|Any CPU.Build.0 = Debug|Any CPU
		{E874CDAB-57D2-40DC-8A47-4CD88341B91D}.Release|Any CPU.ActiveCfg = Release|Any CPU
		{E874CDAB-57D2-40DC-8A47-4CD88341B91D}.Release|Any CPU.Build.0 = Release|Any CPU
		{DB5A08AA-0D13-43F4-9743-5996D19C79DA}.Debug|Any CPU.ActiveCfg = Debug|Any CPU
		{DB5A08AA-0D13-43F4-9743-5996D19C79DA}.Debug|Any CPU.Build.0 = Debug|Any CPU
		{DB5A08AA-0D13-43F4-9743-5996D19C79DA}.Release|Any CPU.ActiveCfg = Release|Any CPU
		{DB5A08AA-0D13-43F4-9743-5996D19C79DA}.Release|Any CPU.Build.0 = Release|Any CPU
		{121C1A72-5518-4BCC-9C3A-31B7F5DFC5F5}.Debug|Any CPU.ActiveCfg = Debug|Any CPU
		{121C1A72-5518-4BCC-9C3A-31B7F5DFC5F5}.Debug|Any CPU.Build.0 = Debug|Any CPU
		{121C1A72-5518-4BCC-9C3A-31B7F5DFC5F5}.Release|Any CPU.ActiveCfg = Release|Any CPU
		{121C1A72-5518-4BCC-9C3A-31B7F5DFC5F5}.Release|Any CPU.Build.0 = Release|Any CPU
		{318F1967-95D6-4998-BBCB-6D7E03E7CA3B}.Debug|Any CPU.ActiveCfg = Debug|Any CPU
		{318F1967-95D6-4998-BBCB-6D7E03E7CA3B}.Debug|Any CPU.Build.0 = Debug|Any CPU
		{318F1967-95D6-4998-BBCB-6D7E03E7CA3B}.Release|Any CPU.ActiveCfg = Release|Any CPU
		{318F1967-95D6-4998-BBCB-6D7E03E7CA3B}.Release|Any CPU.Build.0 = Release|Any CPU
		{648E68EB-570B-47DA-8507-7E884B765942}.Debug|Any CPU.ActiveCfg = Debug|Any CPU
		{648E68EB-570B-47DA-8507-7E884B765942}.Debug|Any CPU.Build.0 = Debug|Any CPU
		{648E68EB-570B-47DA-8507-7E884B765942}.Release|Any CPU.ActiveCfg = Release|Any CPU
		{648E68EB-570B-47DA-8507-7E884B765942}.Release|Any CPU.Build.0 = Release|Any CPU
		{D9386119-EBED-4746-BA74-E9B68BD570E3}.Debug|Any CPU.ActiveCfg = Debug|Any CPU
		{D9386119-EBED-4746-BA74-E9B68BD570E3}.Debug|Any CPU.Build.0 = Debug|Any CPU
		{D9386119-EBED-4746-BA74-E9B68BD570E3}.Release|Any CPU.ActiveCfg = Release|Any CPU
		{D9386119-EBED-4746-BA74-E9B68BD570E3}.Release|Any CPU.Build.0 = Release|Any CPU
		{E16B655F-5EF8-4B08-9973-0BAA97AFE9B4}.Debug|Any CPU.ActiveCfg = Debug|Any CPU
		{E16B655F-5EF8-4B08-9973-0BAA97AFE9B4}.Debug|Any CPU.Build.0 = Debug|Any CPU
		{E16B655F-5EF8-4B08-9973-0BAA97AFE9B4}.Release|Any CPU.ActiveCfg = Release|Any CPU
		{E16B655F-5EF8-4B08-9973-0BAA97AFE9B4}.Release|Any CPU.Build.0 = Release|Any CPU
		{179FAE04-DB10-4957-BCC3-0749DE8905CA}.Debug|Any CPU.ActiveCfg = Debug|Any CPU
		{179FAE04-DB10-4957-BCC3-0749DE8905CA}.Debug|Any CPU.Build.0 = Debug|Any CPU
		{179FAE04-DB10-4957-BCC3-0749DE8905CA}.Release|Any CPU.ActiveCfg = Release|Any CPU
		{179FAE04-DB10-4957-BCC3-0749DE8905CA}.Release|Any CPU.Build.0 = Release|Any CPU
		{8B690590-72CA-4C82-B7D1-9AD5BA315A96}.Debug|Any CPU.ActiveCfg = Debug|Any CPU
		{8B690590-72CA-4C82-B7D1-9AD5BA315A96}.Debug|Any CPU.Build.0 = Debug|Any CPU
		{8B690590-72CA-4C82-B7D1-9AD5BA315A96}.Release|Any CPU.ActiveCfg = Release|Any CPU
		{8B690590-72CA-4C82-B7D1-9AD5BA315A96}.Release|Any CPU.Build.0 = Release|Any CPU
		{FE31E645-0093-4306-A09D-FF0572C2A6CD}.Debug|Any CPU.ActiveCfg = Debug|Any CPU
		{FE31E645-0093-4306-A09D-FF0572C2A6CD}.Debug|Any CPU.Build.0 = Debug|Any CPU
		{FE31E645-0093-4306-A09D-FF0572C2A6CD}.Release|Any CPU.ActiveCfg = Release|Any CPU
		{FE31E645-0093-4306-A09D-FF0572C2A6CD}.Release|Any CPU.Build.0 = Release|Any CPU
		{3DB666BF-9E28-4781-BA9B-352A71DED4B1}.Debug|Any CPU.ActiveCfg = Debug|Any CPU
		{3DB666BF-9E28-4781-BA9B-352A71DED4B1}.Debug|Any CPU.Build.0 = Debug|Any CPU
		{3DB666BF-9E28-4781-BA9B-352A71DED4B1}.Release|Any CPU.ActiveCfg = Release|Any CPU
		{3DB666BF-9E28-4781-BA9B-352A71DED4B1}.Release|Any CPU.Build.0 = Release|Any CPU
	EndGlobalSection
	GlobalSection(SolutionProperties) = preSolution
		HideSolutionNode = FALSE
	EndGlobalSection
	GlobalSection(NestedProjects) = preSolution
		{C13ABCB7-93D7-41CB-91E1-C92B151E8796} = {F2386B77-C42E-43C8-8A89-C1DA19D3DFCA}
		{81D082BF-9B03-48EE-8B01-624611A077FA} = {F2386B77-C42E-43C8-8A89-C1DA19D3DFCA}
		{1A8233DA-F844-4AAD-B54F-5C307981C074} = {F2386B77-C42E-43C8-8A89-C1DA19D3DFCA}
		{339C0F20-2E28-442C-8A8F-33549C699964} = {F2386B77-C42E-43C8-8A89-C1DA19D3DFCA}
		{841B5E34-DC9D-4D5A-A9D5-AC35FAA5B25D} = {C3AACDBB-31B7-423D-8FA9-C41E6C039CAB}
		{49268063-1893-4E40-BDEC-CF7CBFD38F44} = {C3AACDBB-31B7-423D-8FA9-C41E6C039CAB}
		{75974997-BD2E-42C7-8531-1B94496FAE72} = {C3AACDBB-31B7-423D-8FA9-C41E6C039CAB}
		{68B9F3AF-C124-47E7-8926-B4611F0CA861} = {C3AACDBB-31B7-423D-8FA9-C41E6C039CAB}
		{13CC3166-276B-4DBC-8719-DA8BC70B23A5} = {AE8F46A4-887F-4B91-99AD-A883344408B6}
		{E874CDAB-57D2-40DC-8A47-4CD88341B91D} = {AE8F46A4-887F-4B91-99AD-A883344408B6}
		{DB5A08AA-0D13-43F4-9743-5996D19C79DA} = {AE8F46A4-887F-4B91-99AD-A883344408B6}
		{121C1A72-5518-4BCC-9C3A-31B7F5DFC5F5} = {AE8F46A4-887F-4B91-99AD-A883344408B6}
		{318F1967-95D6-4998-BBCB-6D7E03E7CA3B} = {AE8F46A4-887F-4B91-99AD-A883344408B6}
		{648E68EB-570B-47DA-8507-7E884B765942} = {AE8F46A4-887F-4B91-99AD-A883344408B6}
		{D9386119-EBED-4746-BA74-E9B68BD570E3} = {AE8F46A4-887F-4B91-99AD-A883344408B6}
		{E16B655F-5EF8-4B08-9973-0BAA97AFE9B4} = {AE8F46A4-887F-4B91-99AD-A883344408B6}
		{179FAE04-DB10-4957-BCC3-0749DE8905CA} = {AE8F46A4-887F-4B91-99AD-A883344408B6}
		{8B690590-72CA-4C82-B7D1-9AD5BA315A96} = {C3AACDBB-31B7-423D-8FA9-C41E6C039CAB}
		{FE31E645-0093-4306-A09D-FF0572C2A6CD} = {AE8F46A4-887F-4B91-99AD-A883344408B6}
		{3DB666BF-9E28-4781-BA9B-352A71DED4B1} = {AE8F46A4-887F-4B91-99AD-A883344408B6}
	EndGlobalSection
	GlobalSection(ExtensibilityGlobals) = postSolution
		SolutionGuid = {AC97C506-DE41-412B-BB0D-1ECD765DD65D}
	EndGlobalSection
EndGlobal
